
Microsoft Visual Studio Solution File, Format Version 12.00
# Visual Studio 15
VisualStudioVersion = 15.0.28307.421
MinimumVisualStudioVersion = 10.0.40219.1
Project("{9A19103F-16F7-4668-BE54-9A1E7A4F7556}") = "RoutingSample", "RoutingSample.csproj", "{AFC453C2-B406-4763-89B0-A5F1C5FD1A24}"
EndProject
Global
	GlobalSection(SolutionConfigurationPlatforms) = preSolution
		Debug|Any CPU = Debug|Any CPU
		Release|Any CPU = Release|Any CPU
	EndGlobalSection
	GlobalSection(ProjectConfigurationPlatforms) = postSolution
		{AFC453C2-B406-4763-89B0-A5F1C5FD1A24}.Debug|Any CPU.ActiveCfg = Debug|Any CPU
		{AFC453C2-B406-4763-89B0-A5F1C5FD1A24}.Debug|Any CPU.Build.0 = Debug|Any CPU
		{AFC453C2-B406-4763-89B0-A5F1C5FD1A24}.Release|Any CPU.ActiveCfg = Release|Any CPU
		{AFC453C2-B406-4763-89B0-A5F1C5FD1A24}.Release|Any CPU.Build.0 = Release|Any CPU
	EndGlobalSection
	GlobalSection(SolutionProperties) = preSolution
		HideSolutionNode = FALSE
	EndGlobalSection
	GlobalSection(ExtensibilityGlobals) = postSolution
		SolutionGuid = {BF82D48E-C847-48DB-85E3-CD10CA38AA28}
	EndGlobalSection
EndGlobal
