
Microsoft Visual Studio Solution File, Format Version 12.00
# Visual Studio 15
VisualStudioVersion = 15.0.28307.421
MinimumVisualStudioVersion = 10.0.40219.1
Project("{FAE04EC0-301F-11D3-BF4B-00C04F79EFBC}") = "SignalRWebPack", "SignalRWebPack\SignalRWebPack.csproj", "{CCEC05B6-22AF-4441-9A8D-2CEDF4EBF965}"
EndProject
Global
	GlobalSection(SolutionConfigurationPlatforms) = preSolution
		Debug|Any CPU = Debug|Any CPU
		Release|Any CPU = Release|Any CPU
	EndGlobalSection
	GlobalSection(ProjectConfigurationPlatforms) = postSolution
		{CCEC05B6-22AF-4441-9A8D-2CEDF4EBF965}.Debug|Any CPU.ActiveCfg = Debug|Any CPU
		{CCEC05B6-22AF-4441-9A8D-2CEDF4EBF965}.Debug|Any CPU.Build.0 = Debug|Any CPU
		{CCEC05B6-22AF-4441-9A8D-2CEDF4EBF965}.Release|Any CPU.ActiveCfg = Release|Any CPU
		{CCEC05B6-22AF-4441-9A8D-2CEDF4EBF965}.Release|Any CPU.Build.0 = Release|Any CPU
	EndGlobalSection
	GlobalSection(SolutionProperties) = preSolution
		HideSolutionNode = FALSE
	EndGlobalSection
	GlobalSection(ExtensibilityGlobals) = postSolution
		SolutionGuid = {52C8F74B-1D6F-49EC-A99E-564FC5362B1D}
	EndGlobalSection
EndGlobal
