
Microsoft Visual Studio Solution File, Format Version 12.00
# Visual Studio 15
VisualStudioVersion = 15.0.28307.421
MinimumVisualStudioVersion = 10.0.40219.1
Project("{9A19103F-16F7-4668-BE54-9A1E7A4F7556}") = "ErrorHandlingSample", "ErrorHandlingSample.csproj", "{475C4EDD-91A9-47A6-AD64-3973F0F4FCD9}"
EndProject
Global
	GlobalSection(SolutionConfigurationPlatforms) = preSolution
		Debug|Any CPU = Debug|Any CPU
		Release|Any CPU = Release|Any CPU
	EndGlobalSection
	GlobalSection(ProjectConfigurationPlatforms) = postSolution
		{475C4EDD-91A9-47A6-AD64-3973F0F4FCD9}.Debug|Any CPU.ActiveCfg = Debug|Any CPU
		{475C4EDD-91A9-47A6-AD64-3973F0F4FCD9}.Debug|Any CPU.Build.0 = Debug|Any CPU
		{475C4EDD-91A9-47A6-AD64-3973F0F4FCD9}.Release|Any CPU.ActiveCfg = Release|Any CPU
		{475C4EDD-91A9-47A6-AD64-3973F0F4FCD9}.Release|Any CPU.Build.0 = Release|Any CPU
	EndGlobalSection
	GlobalSection(SolutionProperties) = preSolution
		HideSolutionNode = FALSE
	EndGlobalSection
	GlobalSection(ExtensibilityGlobals) = postSolution
		SolutionGuid = {A8882D3A-7C56-4574-8795-8CF49589781F}
	EndGlobalSection
EndGlobal
