
Microsoft Visual Studio Solution File, Format Version 12.00
# Visual Studio 15
VisualStudioVersion = 15.0.28307.421
MinimumVisualStudioVersion = 10.0.40219.1
Project("{FAE04EC0-301F-11D3-BF4B-00C04F79EFBC}") = "AppStartup", "AppStartup\AppStartup.csproj", "{88983C5A-5CE6-4B11-A96F-0E0CE86A0AA2}"
EndProject
Global
	GlobalSection(SolutionConfigurationPlatforms) = preSolution
		Debug|Any CPU = Debug|Any CPU
		Release|Any CPU = Release|Any CPU
	EndGlobalSection
	GlobalSection(ProjectConfigurationPlatforms) = postSolution
		{88983C5A-5CE6-4B11-A96F-0E0CE86A0AA2}.Debug|Any CPU.ActiveCfg = Debug|Any CPU
		{88983C5A-5CE6-4B11-A96F-0E0CE86A0AA2}.Debug|Any CPU.Build.0 = Debug|Any CPU
		{88983C5A-5CE6-4B11-A96F-0E0CE86A0AA2}.Release|Any CPU.ActiveCfg = Release|Any CPU
		{88983C5A-5CE6-4B11-A96F-0E0CE86A0AA2}.Release|Any CPU.Build.0 = Release|Any CPU
	EndGlobalSection
	GlobalSection(SolutionProperties) = preSolution
		HideSolutionNode = FALSE
	EndGlobalSection
	GlobalSection(ExtensibilityGlobals) = postSolution
		SolutionGuid = {214D767B-E9FF-4130-ADC0-4E8C86EFD273}
	EndGlobalSection
EndGlobal
